
Microsoft Visual Studio Solution File, Format Version 12.00
# Visual Studio Version 16
VisualStudioVersion = 16.0.31112.23
MinimumVisualStudioVersion = 10.0.40219.1
Project("{FAE04EC0-301F-11D3-BF4B-00C04F79EFBC}") = "FruteriaAD21", "FruteriaAD21\FruteriaAD21.csproj", "{74F47623-7F9C-42FA-A404-D290565A1519}"
EndProject
Global
	GlobalSection(SolutionConfigurationPlatforms) = preSolution
		Debug|Any CPU = Debug|Any CPU
		Release|Any CPU = Release|Any CPU
	EndGlobalSection
	GlobalSection(ProjectConfigurationPlatforms) = postSolution
		{74F47623-7F9C-42FA-A404-D290565A1519}.Debug|Any CPU.ActiveCfg = Debug|Any CPU
		{74F47623-7F9C-42FA-A404-D290565A1519}.Debug|Any CPU.Build.0 = Debug|Any CPU
		{74F47623-7F9C-42FA-A404-D290565A1519}.Release|Any CPU.ActiveCfg = Release|Any CPU
		{74F47623-7F9C-42FA-A404-D290565A1519}.Release|Any CPU.Build.0 = Release|Any CPU
	EndGlobalSection
	GlobalSection(SolutionProperties) = preSolution
		HideSolutionNode = FALSE
	EndGlobalSection
	GlobalSection(ExtensibilityGlobals) = postSolution
		SolutionGuid = {8D4B607A-CFD4-4392-9789-DEDF26DAA45F}
	EndGlobalSection
EndGlobal
